# THIS IS AN AUTOGENERATED FILE. DO NOT EDIT THIS FILE DIRECTLY.
# yarn lockfile v1


"@duckdb/node-api@^1.4.2-r.1":
  version "1.4.2-r.1"
  resolved "https://registry.npmjs.org/@duckdb/node-api/-/node-api-1.4.2-r.1.tgz#2777ba974280abe3ddeaac053130d6ea65da225f"
  integrity sha512-8Ef4R/Lq+rXTpcqZIJZe6ALfgMGxy88HmiPvRpWrRw1fUTy85x1U0NnGrqCklZsmWyZUdPwVYj90MQOF2MY/TA==
  dependencies:
    "@duckdb/node-bindings" "1.4.2-r.1"

"@duckdb/node-bindings-darwin-arm64@1.4.2-r.1":
  version "1.4.2-r.1"
  resolved "https://registry.npmjs.org/@duckdb/node-bindings-darwin-arm64/-/node-bindings-darwin-arm64-1.4.2-r.1.tgz#5d069652b31cc3c4bb1b3c41a17eb984eea66ebf"
  integrity sha512-C4yBI3zBX7iZ9iq8zJDvPatXA+2xM22sg1kX3fx76nG+qTqKtU/dGFVYL7Fx6cBYxBO1ZZ8Y+vjgYb6/bich8A==

"@duckdb/node-bindings-darwin-x64@1.4.2-r.1":
  version "1.4.2-r.1"
  resolved "https://registry.npmjs.org/@duckdb/node-bindings-darwin-x64/-/node-bindings-darwin-x64-1.4.2-r.1.tgz#3385315dbf959f3aa33e2ce36f6d48b2f408182b"
  integrity sha512-dgTSBuEfWyhymYovsGoRESjqcJuZWwJqla9l89SSsBDrGYcUp+EHsXUF73oUCspzTesT2lOvHrDufO8pKgtudw==

"@duckdb/node-bindings-linux-arm64@1.4.2-r.1":
  version "1.4.2-r.1"
  resolved "https://registry.npmjs.org/@duckdb/node-bindings-linux-arm64/-/node-bindings-linux-arm64-1.4.2-r.1.tgz#a1e03115b90eaaa9f43f397e281bc8ada257995a"
  integrity sha512-r2Ml1LvU2vkVMx4YU04T79FjGkYg8YMVtbOz7j740SZGIi5Cch5P1/oy48jJBWRqoaXuqimpYWeTZiGVeCQiZA==

"@duckdb/node-bindings-linux-x64@1.4.2-r.1":
  version "1.4.2-r.1"
  resolved "https://registry.npmjs.org/@duckdb/node-bindings-linux-x64/-/node-bindings-linux-x64-1.4.2-r.1.tgz#ef1de6867e50bdab064bcb6df0a97c05073f69c7"
  integrity sha512-ed5KiNIu1rqSva5rgo4PRVYSmBolAMVqGFWsYWLoRZ94ka2F/dHwJNkarCTmBFCEDGVZWzWzjRyWTQgYTvQxTg==

"@duckdb/node-bindings-win32-x64@1.4.2-r.1":
  version "1.4.2-r.1"
  resolved "https://registry.npmjs.org/@duckdb/node-bindings-win32-x64/-/node-bindings-win32-x64-1.4.2-r.1.tgz#ea349cea8e61d7b63acae27d84e9b0d3f76a3124"
  integrity sha512-kIIT8tuoW3mzr9EPcdSoKfv9CgOhTqRryHDI10Z0nuhc9UhqOWPUM/LnSUebfo1mdD9Drm7YrKCKYxNTr5dqBQ==

"@duckdb/node-bindings@1.4.2-r.1":
  version "1.4.2-r.1"
  resolved "https://registry.npmjs.org/@duckdb/node-bindings/-/node-bindings-1.4.2-r.1.tgz#10b99be1fe1462ec6ef028a3a2714d22906bf151"
  integrity sha512-z0pJCdEnIj0Famkip6w7JZ/A17nm5VcYc6H7isOHXfEnPhBQ9PBusUTFgIzl6+3J8HOFQOv0szJq46zldbsHfQ==
  optionalDependencies:
    "@duckdb/node-bindings-darwin-arm64" "1.4.2-r.1"
    "@duckdb/node-bindings-darwin-x64" "1.4.2-r.1"
    "@duckdb/node-bindings-linux-arm64" "1.4.2-r.1"
    "@duckdb/node-bindings-linux-x64" "1.4.2-r.1"
    "@duckdb/node-bindings-win32-x64" "1.4.2-r.1"

"@esbuild/aix-ppc64@0.27.1":
  version "0.27.1"
  resolved "https://registry.npmjs.org/@esbuild/aix-ppc64/-/aix-ppc64-0.27.1.tgz#116edcd62c639ed8ab551e57b38251bb28384de4"
  integrity sha512-HHB50pdsBX6k47S4u5g/CaLjqS3qwaOVE5ILsq64jyzgMhLuCuZ8rGzM9yhsAjfjkbgUPMzZEPa7DAp7yz6vuA==

"@esbuild/android-arm64@0.27.1":
  version "0.27.1"
  resolved "https://registry.npmjs.org/@esbuild/android-arm64/-/android-arm64-0.27.1.tgz#31c00d864c80f6de1900a11de8a506dbfbb27349"
  integrity sha512-45fuKmAJpxnQWixOGCrS+ro4Uvb4Re9+UTieUY2f8AEc+t7d4AaZ6eUJ3Hva7dtrxAAWHtlEFsXFMAgNnGU9uQ==

"@esbuild/android-arm@0.27.1":
  version "0.27.1"
  resolved "https://registry.npmjs.org/@esbuild/android-arm/-/android-arm-0.27.1.tgz#d2b73ab0ba894923a1d1378fd4b15cc20985f436"
  integrity sha512-kFqa6/UcaTbGm/NncN9kzVOODjhZW8e+FRdSeypWe6j33gzclHtwlANs26JrupOntlcWmB0u8+8HZo8s7thHvg==

"@esbuild/android-x64@0.27.1":
  version "0.27.1"
  resolved "https://registry.npmjs.org/@esbuild/android-x64/-/android-x64-0.27.1.tgz#d9f74d8278191317250cfe0c15a13f410540b122"
  integrity sha512-LBEpOz0BsgMEeHgenf5aqmn/lLNTFXVfoWMUox8CtWWYK9X4jmQzWjoGoNb8lmAYml/tQ/Ysvm8q7szu7BoxRQ==

"@esbuild/darwin-arm64@0.27.1":
  version "0.27.1"
  resolved "https://registry.npmjs.org/@esbuild/darwin-arm64/-/darwin-arm64-0.27.1.tgz#baf6914b8c57ed9d41f9de54023aa3ff9b084680"
  integrity sha512-veg7fL8eMSCVKL7IW4pxb54QERtedFDfY/ASrumK/SbFsXnRazxY4YykN/THYqFnFwJ0aVjiUrVG2PwcdAEqQQ==

"@esbuild/darwin-x64@0.27.1":
  version "0.27.1"
  resolved "https://registry.npmjs.org/@esbuild/darwin-x64/-/darwin-x64-0.27.1.tgz#64e37400795f780a76c858a118ff19681a64b4e0"
  integrity sha512-+3ELd+nTzhfWb07Vol7EZ+5PTbJ/u74nC6iv4/lwIU99Ip5uuY6QoIf0Hn4m2HoV0qcnRivN3KSqc+FyCHjoVQ==

"@esbuild/freebsd-arm64@0.27.1":
  version "0.27.1"
  resolved "https://registry.npmjs.org/@esbuild/freebsd-arm64/-/freebsd-arm64-0.27.1.tgz#6572f2f235933eee906e070dfaae54488ee60acd"
  integrity sha512-/8Rfgns4XD9XOSXlzUDepG8PX+AVWHliYlUkFI3K3GB6tqbdjYqdhcb4BKRd7C0BhZSoaCxhv8kTcBrcZWP+xg==

"@esbuild/freebsd-x64@0.27.1":
  version "0.27.1"
  resolved "https://registry.npmjs.org/@esbuild/freebsd-x64/-/freebsd-x64-0.27.1.tgz#83105dba9cf6ac4f44336799446d7f75c8c3a1e1"
  integrity sha512-GITpD8dK9C+r+5yRT/UKVT36h/DQLOHdwGVwwoHidlnA168oD3uxA878XloXebK4Ul3gDBBIvEdL7go9gCUFzQ==

"@esbuild/linux-arm64@0.27.1":
  version "0.27.1"
  resolved "https://registry.npmjs.org/@esbuild/linux-arm64/-/linux-arm64-0.27.1.tgz#035ff647d4498bdf16eb2d82801f73b366477dfa"
  integrity sha512-W9//kCrh/6in9rWIBdKaMtuTTzNj6jSeG/haWBADqLLa9P8O5YSRDzgD5y9QBok4AYlzS6ARHifAb75V6G670Q==

"@esbuild/linux-arm@0.27.1":
  version "0.27.1"
  resolved "https://registry.npmjs.org/@esbuild/linux-arm/-/linux-arm-0.27.1.tgz#3516c74d2afbe305582dbb546d60f7978a8ece7f"
  integrity sha512-ieMID0JRZY/ZeCrsFQ3Y3NlHNCqIhTprJfDgSB3/lv5jJZ8FX3hqPyXWhe+gvS5ARMBJ242PM+VNz/ctNj//eA==

"@esbuild/linux-ia32@0.27.1":
  version "0.27.1"
  resolved "https://registry.npmjs.org/@esbuild/linux-ia32/-/linux-ia32-0.27.1.tgz#788db5db8ecd3d75dd41c42de0fe8f1fd967a4a7"
  integrity sha512-VIUV4z8GD8rtSVMfAj1aXFahsi/+tcoXXNYmXgzISL+KB381vbSTNdeZHHHIYqFyXcoEhu9n5cT+05tRv13rlw==

"@esbuild/linux-loong64@0.27.1":
  version "0.27.1"
  resolved "https://registry.npmjs.org/@esbuild/linux-loong64/-/linux-loong64-0.27.1.tgz#8211f08b146916a6302ec2b8f87ec0cc4b62c49e"
  integrity sha512-l4rfiiJRN7sTNI//ff65zJ9z8U+k6zcCg0LALU5iEWzY+a1mVZ8iWC1k5EsNKThZ7XCQ6YWtsZ8EWYm7r1UEsg==

"@esbuild/linux-mips64el@0.27.1":
  version "0.27.1"
  resolved "https://registry.npmjs.org/@esbuild/linux-mips64el/-/linux-mips64el-0.27.1.tgz#cc58586ea83b3f171e727a624e7883a1c3eb4c04"
  integrity sha512-U0bEuAOLvO/DWFdygTHWY8C067FXz+UbzKgxYhXC0fDieFa0kDIra1FAhsAARRJbvEyso8aAqvPdNxzWuStBnA==

"@esbuild/linux-ppc64@0.27.1":
  version "0.27.1"
  resolved "https://registry.npmjs.org/@esbuild/linux-ppc64/-/linux-ppc64-0.27.1.tgz#632477bbd98175cf8e53a7c9952d17fb2d6d4115"
  integrity sha512-NzdQ/Xwu6vPSf/GkdmRNsOfIeSGnh7muundsWItmBsVpMoNPVpM61qNzAVY3pZ1glzzAxLR40UyYM23eaDDbYQ==

"@esbuild/linux-riscv64@0.27.1":
  version "0.27.1"
  resolved "https://registry.npmjs.org/@esbuild/linux-riscv64/-/linux-riscv64-0.27.1.tgz#35435a82435a8a750edf433b83ac0d10239ac3fe"
  integrity sha512-7zlw8p3IApcsN7mFw0O1Z1PyEk6PlKMu18roImfl3iQHTnr/yAfYv6s4hXPidbDoI2Q0pW+5xeoM4eTCC0UdrQ==

"@esbuild/linux-s390x@0.27.1":
  version "0.27.1"
  resolved "https://registry.npmjs.org/@esbuild/linux-s390x/-/linux-s390x-0.27.1.tgz#172edd7086438edacd86c0e2ea25ac9dbb62aac5"
  integrity sha512-cGj5wli+G+nkVQdZo3+7FDKC25Uh4ZVwOAK6A06Hsvgr8WqBBuOy/1s+PUEd/6Je+vjfm6stX0kmib5b/O2Ykw==

"@esbuild/linux-x64@0.27.1":
  version "0.27.1"
  resolved "https://registry.npmjs.org/@esbuild/linux-x64/-/linux-x64-0.27.1.tgz#09c771de9e2d8169d5969adf298ae21581f08c7f"
  integrity sha512-z3H/HYI9MM0HTv3hQZ81f+AKb+yEoCRlUby1F80vbQ5XdzEMyY/9iNlAmhqiBKw4MJXwfgsh7ERGEOhrM1niMA==

"@esbuild/netbsd-arm64@0.27.1":
  version "0.27.1"
  resolved "https://registry.npmjs.org/@esbuild/netbsd-arm64/-/netbsd-arm64-0.27.1.tgz#475ac0ce7edf109a358b1669f67759de4bcbb7c4"
  integrity sha512-wzC24DxAvk8Em01YmVXyjl96Mr+ecTPyOuADAvjGg+fyBpGmxmcr2E5ttf7Im8D0sXZihpxzO1isus8MdjMCXQ==

"@esbuild/netbsd-x64@0.27.1":
  version "0.27.1"
  resolved "https://registry.npmjs.org/@esbuild/netbsd-x64/-/netbsd-x64-0.27.1.tgz#3c31603d592477dc43b63df1ae100000f7fb59d7"
  integrity sha512-1YQ8ybGi2yIXswu6eNzJsrYIGFpnlzEWRl6iR5gMgmsrR0FcNoV1m9k9sc3PuP5rUBLshOZylc9nqSgymI+TYg==

"@esbuild/openbsd-arm64@0.27.1":
  version "0.27.1"
  resolved "https://registry.npmjs.org/@esbuild/openbsd-arm64/-/openbsd-arm64-0.27.1.tgz#482067c847665b10d66431e936d4bc5fa8025abf"
  integrity sha512-5Z+DzLCrq5wmU7RDaMDe2DVXMRm2tTDvX2KU14JJVBN2CT/qov7XVix85QoJqHltpvAOZUAc3ndU56HSMWrv8g==

"@esbuild/openbsd-x64@0.27.1":
  version "0.27.1"
  resolved "https://registry.npmjs.org/@esbuild/openbsd-x64/-/openbsd-x64-0.27.1.tgz#687a188c2b184e5b671c5f74a6cd6247c0718c52"
  integrity sha512-Q73ENzIdPF5jap4wqLtsfh8YbYSZ8Q0wnxplOlZUOyZy7B4ZKW8DXGWgTCZmF8VWD7Tciwv5F4NsRf6vYlZtqg==

"@esbuild/openharmony-arm64@0.27.1":
  version "0.27.1"
  resolved "https://registry.npmjs.org/@esbuild/openharmony-arm64/-/openharmony-arm64-0.27.1.tgz#9929ee7fa8c1db2f33ef4d86198018dac9c1744f"
  integrity sha512-ajbHrGM/XiK+sXM0JzEbJAen+0E+JMQZ2l4RR4VFwvV9JEERx+oxtgkpoKv1SevhjavK2z2ReHk32pjzktWbGg==

"@esbuild/sunos-x64@0.27.1":
  version "0.27.1"
  resolved "https://registry.npmjs.org/@esbuild/sunos-x64/-/sunos-x64-0.27.1.tgz#94071a146f313e7394c6424af07b2b564f1f994d"
  integrity sha512-IPUW+y4VIjuDVn+OMzHc5FV4GubIwPnsz6ubkvN8cuhEqH81NovB53IUlrlBkPMEPxvNnf79MGBoz8rZ2iW8HA==

"@esbuild/win32-arm64@0.27.1":
  version "0.27.1"
  resolved "https://registry.npmjs.org/@esbuild/win32-arm64/-/win32-arm64-0.27.1.tgz#869fde72a3576fdf48824085d05493fceebe395d"
  integrity sha512-RIVRWiljWA6CdVu8zkWcRmGP7iRRIIwvhDKem8UMBjPql2TXM5PkDVvvrzMtj1V+WFPB4K7zkIGM7VzRtFkjdg==

"@esbuild/win32-ia32@0.27.1":
  version "0.27.1"
  resolved "https://registry.npmjs.org/@esbuild/win32-ia32/-/win32-ia32-0.27.1.tgz#31d7585893ed7b54483d0b8d87a4bfeba0ecfff5"
  integrity sha512-2BR5M8CPbptC1AK5JbJT1fWrHLvejwZidKx3UMSF0ecHMa+smhi16drIrCEggkgviBwLYd5nwrFLSl5Kho96RQ==

"@esbuild/win32-x64@0.27.1":
  version "0.27.1"
  resolved "https://registry.npmjs.org/@esbuild/win32-x64/-/win32-x64-0.27.1.tgz#5efe5a112938b1180e98c76685ff9185cfa4f16e"
  integrity sha512-d5X6RMYv6taIymSk8JBP+nxv8DQAMY6A51GPgusqLdK9wBz5wWIXy1KjTck6HnjE9hqJzJRdk+1p/t5soSbCtw==

"@supabase/auth-js@2.87.0":
  version "2.87.0"
  resolved "https://registry.npmjs.org/@supabase/auth-js/-/auth-js-2.87.0.tgz#62eadb2502cc0e2dac4af4556395cd8f8d9f91a2"
  integrity sha512-Otv/fjkyev9cH55VoZHwbzDd5N8y1SNREqDpzE8cqI2KnlHAkr0g6ZWv7d8elVKhS3le09xvAeRaoONGaRc8sA==
  dependencies:
    tslib "2.8.1"

"@supabase/functions-js@2.87.0":
  version "2.87.0"
  resolved "https://registry.npmjs.org/@supabase/functions-js/-/functions-js-2.87.0.tgz#0f0b897482e0ea6197fe7d041e01c1611da49ad7"
  integrity sha512-L4Y6PD8gyeWMZeHXiwywICIJvEWnnwn8E3Z7V3Wn60/N+jDKMaRJlaCncPf8rhHzFuJlabqRiVEy5nCKjmAnXA==
  dependencies:
    tslib "2.8.1"

"@supabase/postgrest-js@2.87.0":
  version "2.87.0"
  resolved "https://registry.npmjs.org/@supabase/postgrest-js/-/postgrest-js-2.87.0.tgz#8b5f20dd78e23dd68745996cc00a797d9ccb0601"
  integrity sha512-2+86Iyq9INVQE++L/kCWSoWApeoU4CVO6VKJrzaxGQGESylTVam5mqVqC0LQnjZ39kIKQgYmZ3yylXMmPNFHJQ==
  dependencies:
    tslib "2.8.1"

"@supabase/realtime-js@2.87.0":
  version "2.87.0"
  resolved "https://registry.npmjs.org/@supabase/realtime-js/-/realtime-js-2.87.0.tgz#dfc44946183f816f2eeb76290e5f31435da743fe"
  integrity sha512-38l2jg9yb9cMos3cVWuX9X+nMFZFzW8sD/MJiVvbpRes9gPZ210AMGExYU8/kix5uq/ymSoSsKLnV8DhXYWqOg==
  dependencies:
    "@types/phoenix" "^1.6.6"
    "@types/ws" "^8.18.1"
    tslib "2.8.1"
    ws "^8.18.2"

"@supabase/storage-js@2.87.0":
  version "2.87.0"
  resolved "https://registry.npmjs.org/@supabase/storage-js/-/storage-js-2.87.0.tgz#34dbb5b1e4e32f05974094722e5d148b05cd29a8"
  integrity sha512-luTghajY3IrrKglP5bjf2/51ASg5xaZUALsZuzR23RmuMg4lc4pzq4TxEgnkLoUGDT7Ppr9+uSgvIhf1snXbAw==
  dependencies:
    iceberg-js "^0.8.1"
    tslib "2.8.1"

"@supabase/supabase-js@^2.49.1":
  version "2.87.0"
  resolved "https://registry.npmjs.org/@supabase/supabase-js/-/supabase-js-2.87.0.tgz#7901fe3ed5353f33de1e17106ddf6ed5aecc9aeb"
  integrity sha512-4u8JtF8qPW1V1FEcfqeRFU/9LK6CNjuLpDcJOjL1npobMPFCQhCQsWCYBnRlyf3QN7o7LG5zSKFRsmk8wJK/+Q==
  dependencies:
    "@supabase/auth-js" "2.87.0"
    "@supabase/functions-js" "2.87.0"
    "@supabase/postgrest-js" "2.87.0"
    "@supabase/realtime-js" "2.87.0"
    "@supabase/storage-js" "2.87.0"

"@types/node@*":
  version "24.10.2"
  resolved "https://registry.npmjs.org/@types/node/-/node-24.10.2.tgz#82a57476a19647d8f2c7750d0924788245e39b26"
  integrity sha512-WOhQTZ4G8xZ1tjJTvKOpyEVSGgOTvJAfDK3FNFgELyaTpzhdgHVHeqW8V+UJvzF5BT+/B54T/1S2K6gd9c7bbA==
  dependencies:
    undici-types "~7.16.0"

"@types/node@^18.11.18":
  version "18.19.130"
  resolved "https://registry.npmjs.org/@types/node/-/node-18.19.130.tgz#da4c6324793a79defb7a62cba3947ec5add00d59"
  integrity sha512-GRaXQx6jGfL8sKfaIDD6OupbIHBr9jv7Jnaml9tB7l4v068PAOXqfcujMMo5PhbIs6ggR1XODELqahT2R8v0fg==
  dependencies:
    undici-types "~5.26.4"

"@types/node@^22.10.2":
  version "22.19.2"
  resolved "https://registry.npmjs.org/@types/node/-/node-22.19.2.tgz#2f0956fba46518aaf7578c84e37bddab55f85d01"
  integrity sha512-LPM2G3Syo1GLzXLGJAKdqoU35XvrWzGJ21/7sgZTUpbkBaOasTj8tjwn6w+hCkqaa1TfJ/w67rJSwYItlJ2mYw==
  dependencies:
    undici-types "~6.21.0"

"@types/phoenix@^1.6.6":
  version "1.6.7"
  resolved "https://registry.npmjs.org/@types/phoenix/-/phoenix-1.6.7.tgz#75137b7ecf732ceaca284cf10c1552071cfff12f"
  integrity sha512-oN9ive//QSBkf19rfDv45M7eZPi0eEXylht2OLEXicu5b4KoQ1OzXIw+xDSGWxSxe1JmepRR/ZH283vsu518/Q==

"@types/ssh2-sftp-client@^9.0.4":
  version "9.0.6"
  resolved "https://registry.npmjs.org/@types/ssh2-sftp-client/-/ssh2-sftp-client-9.0.6.tgz#9a7562d1cb86d3b468f3fb8c65d3fa7d96267895"
  integrity sha512-4+KvXO/V77y9VjI2op2T8+RCGI/GXQAwR0q5Qkj/EJ5YSeyKszqZP6F8i3H3txYoBqjc7sgorqyvBP3+w1EHyg==
  dependencies:
    "@types/ssh2" "^1.0.0"

"@types/ssh2@^1.0.0", "@types/ssh2@^1.15.1":
  version "1.15.5"
  resolved "https://registry.npmjs.org/@types/ssh2/-/ssh2-1.15.5.tgz#6d8f45db2f39519b8d9377268fa71ed77d969686"
  integrity sha512-N1ASjp/nXH3ovBHddRJpli4ozpk6UdDYIX4RJWFa9L1YKnzdhTlVmiGHm4DZnj/jLbqZpes4aeR30EFGQtvhQQ==
  dependencies:
    "@types/node" "^18.11.18"

"@types/ws@^8.18.1":
  version "8.18.1"
  resolved "https://registry.npmjs.org/@types/ws/-/ws-8.18.1.tgz#48464e4bf2ddfd17db13d845467f6070ffea4aa9"
  integrity sha512-ThVF6DCVhA8kUGy+aazFQ4kXQ7E1Ty7A3ypFOe0IcJV8O/M511G99AW24irKrW56Wt44yG9+ij8FaqoBGkuBXg==
  dependencies:
    "@types/node" "*"

asn1@^0.2.6:
  version "0.2.6"
  resolved "https://registry.npmjs.org/asn1/-/asn1-0.2.6.tgz#0d3a7bb6e64e02a90c0303b31f292868ea09a08d"
  integrity sha512-ix/FxPn0MDjeyJ7i/yoHGFt/EX6LyNbxSEhPPXODPL+KB0VPk86UYfL0lMdy+KCnv+fmvIzySwaK5COwqVbWTQ==
  dependencies:
    safer-buffer "~2.1.0"

bcrypt-pbkdf@^1.0.2:
  version "1.0.2"
  resolved "https://registry.npmjs.org/bcrypt-pbkdf/-/bcrypt-pbkdf-1.0.2.tgz#a4301d389b6a43f9b67ff3ca11a3f6637e360e9e"
  integrity sha512-qeFIXtP4MSoi6NLqO12WfqARWWuCKi2Rn/9hJLEmtB5yTNr9DqFWkJRCf2qShWzPeAMRnOgCrq0sg/KLv5ES9w==
  dependencies:
    tweetnacl "^0.14.3"

buffer-from@^1.0.0:
  version "1.1.2"
  resolved "https://registry.npmjs.org/buffer-from/-/buffer-from-1.1.2.tgz#2b146a6fd72e80b4f55d255f35ed59a3a9a41bd5"
  integrity sha512-E+XQCRwSbaaiChtv6k6Dwgc+bx+Bs6vuKJHHl5kox/BaKbhiXzqQOwK4cO22yElGp2OCmjwVhT3HmxgyPGnJfQ==

buildcheck@~0.0.6:
  version "0.0.7"
  resolved "https://registry.npmjs.org/buildcheck/-/buildcheck-0.0.7.tgz#07a5e76c10ead8fa67d9e4c587b68f49e8f29d61"
  integrity sha512-lHblz4ahamxpTmnsk+MNTRWsjYKv965MwOrSJyeD588rR3Jcu7swE+0wN5F+PbL5cjgu/9ObkhfzEPuofEMwLA==

concat-stream@^2.0.0:
  version "2.0.0"
  resolved "https://registry.npmjs.org/concat-stream/-/concat-stream-2.0.0.tgz#414cf5af790a48c60ab9be4527d56d5e41133cb1"
  integrity sha512-MWufYdFw53ccGjCA+Ol7XJYpAlW6/prSMzuPOTRnJGcGzuhLn4Scrz7qf6o8bROZ514ltazcIFJZevcfbo0x7A==
  dependencies:
    buffer-from "^1.0.0"
    inherits "^2.0.3"
    readable-stream "^3.0.2"
    typedarray "^0.0.6"

cpu-features@~0.0.10:
  version "0.0.10"
  resolved "https://registry.npmjs.org/cpu-features/-/cpu-features-0.0.10.tgz#9aae536db2710c7254d7ed67cb3cbc7d29ad79c5"
  integrity sha512-9IkYqtX3YHPCzoVg1Py+o9057a3i0fp7S530UWokCSaFVTc7CwXPRiOjRjBQQ18ZCNafx78YfnG+HALxtVmOGA==
  dependencies:
    buildcheck "~0.0.6"
    nan "^2.19.0"

dotenv@^16.4.7:
  version "16.6.1"
  resolved "https://registry.npmjs.org/dotenv/-/dotenv-16.6.1.tgz#773f0e69527a8315c7285d5ee73c4459d20a8020"
  integrity sha512-uBq4egWHTcTt33a72vpSG0z3HnPuIl6NqYcTrKEg2azoEyl2hpW0zqlxysq2pK9HlDIHyHyakeYaYnSAwd8bow==

err-code@^2.0.2:
  version "2.0.3"
  resolved "https://registry.npmjs.org/err-code/-/err-code-2.0.3.tgz#23c2f3b756ffdfc608d30e27c9a941024807e7f9"
  integrity sha512-2bmlRpNKBxT/CRmPOlyISQpNj+qSeYvcym/uT0Jx2bMOlKLtSy1ZmLuVxSEKKyor/N5yhvp/ZiG1oE3DEYMSFA==

esbuild@~0.27.0:
  version "0.27.1"
  resolved "https://registry.npmjs.org/esbuild/-/esbuild-0.27.1.tgz#56bf43e6a4b4d2004642ec7c091b78de02b0831a"
  integrity sha512-yY35KZckJJuVVPXpvjgxiCuVEJT67F6zDeVTv4rizyPrfGBUpZQsvmxnN+C371c2esD/hNMjj4tpBhuueLN7aA==
  optionalDependencies:
    "@esbuild/aix-ppc64" "0.27.1"
    "@esbuild/android-arm" "0.27.1"
    "@esbuild/android-arm64" "0.27.1"
    "@esbuild/android-x64" "0.27.1"
    "@esbuild/darwin-arm64" "0.27.1"
    "@esbuild/darwin-x64" "0.27.1"
    "@esbuild/freebsd-arm64" "0.27.1"
    "@esbuild/freebsd-x64" "0.27.1"
    "@esbuild/linux-arm" "0.27.1"
    "@esbuild/linux-arm64" "0.27.1"
    "@esbuild/linux-ia32" "0.27.1"
    "@esbuild/linux-loong64" "0.27.1"
    "@esbuild/linux-mips64el" "0.27.1"
    "@esbuild/linux-ppc64" "0.27.1"
    "@esbuild/linux-riscv64" "0.27.1"
    "@esbuild/linux-s390x" "0.27.1"
    "@esbuild/linux-x64" "0.27.1"
    "@esbuild/netbsd-arm64" "0.27.1"
    "@esbuild/netbsd-x64" "0.27.1"
    "@esbuild/openbsd-arm64" "0.27.1"
    "@esbuild/openbsd-x64" "0.27.1"
    "@esbuild/openharmony-arm64" "0.27.1"
    "@esbuild/sunos-x64" "0.27.1"
    "@esbuild/win32-arm64" "0.27.1"
    "@esbuild/win32-ia32" "0.27.1"
    "@esbuild/win32-x64" "0.27.1"

fsevents@~2.3.3:
  version "2.3.3"
  resolved "https://registry.npmjs.org/fsevents/-/fsevents-2.3.3.tgz#cac6407785d03675a2a5e1a5305c697b347d90d6"
  integrity sha512-5xoDfX+fL7faATnagmWPpbFtwh/R77WmMMqqHGS65C3vvB0YHrgF+B1YmZ3441tMj5n63k0212XNoJwzlhffQw==

get-tsconfig@^4.7.5:
  version "4.13.0"
  resolved "https://registry.npmjs.org/get-tsconfig/-/get-tsconfig-4.13.0.tgz#fcdd991e6d22ab9a600f00e91c318707a5d9a0d7"
  integrity sha512-1VKTZJCwBrvbd+Wn3AOgQP/2Av+TfTCOlE4AcRJE72W1ksZXbAx8PPBR9RzgTeSPzlPMHrbANMH3LbltH73wxQ==
  dependencies:
    resolve-pkg-maps "^1.0.0"

iceberg-js@^0.8.1:
  version "0.8.1"
  resolved "https://registry.npmjs.org/iceberg-js/-/iceberg-js-0.8.1.tgz#47d893468293a010385e1c70123f29d0fc1d9912"
  integrity sha512-1dhVQZXhcHje7798IVM+xoo/1ZdVfzOMIc8/rgVSijRK38EDqOJoGula9N/8ZI5RD8QTxNQtK/Gozpr+qUqRRA==

inherits@^2.0.3:
  version "2.0.4"
  resolved "https://registry.npmjs.org/inherits/-/inherits-2.0.4.tgz#0fa2c64f932917c3433a0ded55363aae37416b7c"
  integrity sha512-k/vGaX4/Yla3WzyMCvTQOXYeIHvqOKtnqBduzTHpzpQZzAskKMhZ2K+EnBiSM9zGSoIFeMpXKxa4dYeZIQqewQ==

nan@^2.19.0, nan@^2.23.0:
  version "2.24.0"
  resolved "https://registry.npmjs.org/nan/-/nan-2.24.0.tgz#a8919b36e692aa5b260831910e4f81419fc0a283"
  integrity sha512-Vpf9qnVW1RaDkoNKFUvfxqAbtI8ncb8OJlqZ9wwpXzWPEsvsB1nvdUi6oYrHIkQ1Y/tMDnr1h4nczS0VB9Xykg==

promise-retry@^2.0.1:
  version "2.0.1"
  resolved "https://registry.npmjs.org/promise-retry/-/promise-retry-2.0.1.tgz#ff747a13620ab57ba688f5fc67855410c370da22"
  integrity sha512-y+WKFlBR8BGXnsNlIHFGPZmyDf3DFMoLhaflAnyZgV6rG6xu+JwesTo2Q9R6XwYmtmwAFCkAk3e35jEdoeh/3g==
  dependencies:
    err-code "^2.0.2"
    retry "^0.12.0"

readable-stream@^3.0.2:
  version "3.6.2"
  resolved "https://registry.npmjs.org/readable-stream/-/readable-stream-3.6.2.tgz#56a9b36ea965c00c5a93ef31eb111a0f11056967"
  integrity sha512-9u/sniCrY3D5WdsERHzHE4G2YCXqoG5FTHUiCC4SIbr6XcLZBY05ya9EKjYek9O5xOAwjGq+1JdGBAS7Q9ScoA==
  dependencies:
    inherits "^2.0.3"
    string_decoder "^1.1.1"
    util-deprecate "^1.0.1"

resolve-pkg-maps@^1.0.0:
  version "1.0.0"
  resolved "https://registry.npmjs.org/resolve-pkg-maps/-/resolve-pkg-maps-1.0.0.tgz#616b3dc2c57056b5588c31cdf4b3d64db133720f"
  integrity sha512-seS2Tj26TBVOC2NIc2rOe2y2ZO7efxITtLZcGSOnHHNOQ7CkiUBfw0Iw2ck6xkIhPwLhKNLS8BO+hEpngQlqzw==

retry@^0.12.0:
  version "0.12.0"
  resolved "https://registry.npmjs.org/retry/-/retry-0.12.0.tgz#1b42a6266a21f07421d1b0b54b7dc167b01c013b"
  integrity sha512-9LkiTwjUh6rT555DtE9rTX+BKByPfrMzEAtnlEtdEwr3Nkffwiihqe2bWADg+OQRjt9gl6ICdmB/ZFDCGAtSow==

safe-buffer@~5.2.0:
  version "5.2.1"
  resolved "https://registry.npmjs.org/safe-buffer/-/safe-buffer-5.2.1.tgz#1eaf9fa9bdb1fdd4ec75f58f9cdb4e6b7827eec6"
  integrity sha512-rp3So07KcdmmKbGvgaNxQSJr7bGVSVk5S9Eq1F+ppbRo70+YeaDxkw5Dd8NPN+GD6bjnYm2VuPuCXmpuYvmCXQ==

safer-buffer@~2.1.0:
  version "2.1.2"
  resolved "https://registry.npmjs.org/safer-buffer/-/safer-buffer-2.1.2.tgz#44fa161b0187b9549dd84bb91802f9bd8385cd6a"
  integrity sha512-YZo3K82SD7Riyi0E1EQPojLz7kpepnSQI9IyPbHHg1XXXevb5dJI7tpyN2ADxGcQbHG7vcyRHk0cbwqcQriUtg==

ssh2-sftp-client@^11.0.0:
  version "11.0.0"
  resolved "https://registry.npmjs.org/ssh2-sftp-client/-/ssh2-sftp-client-11.0.0.tgz#86909d9b02ab09cb47ec45a1c287c97dafd44b3d"
  integrity sha512-lOjgNYtioYquhtgyHwPryFNhllkuENjvCKkUXo18w/Q4UpEffCnEUBfiOTlwFdKIhG1rhrOGnA6DeKPSF2CP6w==
  dependencies:
    concat-stream "^2.0.0"
    promise-retry "^2.0.1"
    ssh2 "^1.15.0"

ssh2@^1.15.0, ssh2@^1.16.0:
  version "1.17.0"
  resolved "https://registry.npmjs.org/ssh2/-/ssh2-1.17.0.tgz#dc686e8e3abdbd4ad95d46fa139615903c12258c"
  integrity sha512-wPldCk3asibAjQ/kziWQQt1Wh3PgDFpC0XpwclzKcdT1vql6KeYxf5LIt4nlFkUeR8WuphYMKqUA56X4rjbfgQ==
  dependencies:
    asn1 "^0.2.6"
    bcrypt-pbkdf "^1.0.2"
  optionalDependencies:
    cpu-features "~0.0.10"
    nan "^2.23.0"

string_decoder@^1.1.1:
  version "1.3.0"
  resolved "https://registry.npmjs.org/string_decoder/-/string_decoder-1.3.0.tgz#42f114594a46cf1a8e30b0a84f56c78c3edac21e"
  integrity sha512-hkRX8U1WjJFd8LsDJ2yQ/wWWxaopEsABU1XfkM8A+j0+85JAGppt16cr1Whg6KIbb4okU6Mql6BOj+uup/wKeA==
  dependencies:
    safe-buffer "~5.2.0"

tslib@2.8.1:
  version "2.8.1"
  resolved "https://registry.npmjs.org/tslib/-/tslib-2.8.1.tgz#612efe4ed235d567e8aba5f2a5fab70280ade83f"
  integrity sha512-oJFu94HQb+KVduSUQL7wnpmqnfmLsOA/nAh6b6EH0wCEoK0/mPeXU6c3wKDV83MkOuHPRHtSXKKU99IBazS/2w==

tsx@^4.19.2:
  version "4.21.0"
  resolved "https://registry.npmjs.org/tsx/-/tsx-4.21.0.tgz#32aa6cf17481e336f756195e6fe04dae3e6308b1"
  integrity sha512-5C1sg4USs1lfG0GFb2RLXsdpXqBSEhAaA/0kPL01wxzpMqLILNxIxIOKiILz+cdg/pLnOUxFYOR5yhHU666wbw==
  dependencies:
    esbuild "~0.27.0"
    get-tsconfig "^4.7.5"
  optionalDependencies:
    fsevents "~2.3.3"

tweetnacl@^0.14.3:
  version "0.14.5"
  resolved "https://registry.npmjs.org/tweetnacl/-/tweetnacl-0.14.5.tgz#5ae68177f192d4456269d108afa93ff8743f4f64"
  integrity sha512-KXXFFdAbFXY4geFIwoyNK+f5Z1b7swfXABfL7HXCmoIWMKU3dmS26672A4EeQtDzLKy7SXmfBu51JolvEKwtGA==

typedarray@^0.0.6:
  version "0.0.6"
  resolved "https://registry.npmjs.org/typedarray/-/typedarray-0.0.6.tgz#867ac74e3864187b1d3d47d996a78ec5c8830777"
  integrity sha512-/aCDEGatGvZ2BIk+HmLf4ifCJFwvKFNb9/JeZPMulfgFracn9QFcAf5GO8B/mweUjSoblS5In0cWhqpfs/5PQA==

typescript@^5.7.2:
  version "5.9.3"
  resolved "https://registry.npmjs.org/typescript/-/typescript-5.9.3.tgz#5b4f59e15310ab17a216f5d6cf53ee476ede670f"
  integrity sha512-jl1vZzPDinLr9eUt3J/t7V6FgNEw9QjvBPdysz9KfQDD41fQrC2Y4vKQdiaUpFT4bXlb1RHhLpp8wtm6M5TgSw==

undici-types@~5.26.4:
  version "5.26.5"
  resolved "https://registry.npmjs.org/undici-types/-/undici-types-5.26.5.tgz#bcd539893d00b56e964fd2657a4866b221a65617"
  integrity sha512-JlCMO+ehdEIKqlFxk6IfVoAUVmgz7cU7zD/h9XZ0qzeosSHmUJVOzSQvvYSYWXkFXC+IfLKSIffhv0sVZup6pA==

undici-types@~6.21.0:
  version "6.21.0"
  resolved "https://registry.npmjs.org/undici-types/-/undici-types-6.21.0.tgz#691d00af3909be93a7faa13be61b3a5b50ef12cb"
  integrity sha512-iwDZqg0QAGrg9Rav5H4n0M64c3mkR59cJ6wQp+7C4nI0gsmExaedaYLNO44eT4AtBBwjbTiGPMlt2Md0T9H9JQ==

undici-types@~7.16.0:
  version "7.16.0"
  resolved "https://registry.npmjs.org/undici-types/-/undici-types-7.16.0.tgz#ffccdff36aea4884cbfce9a750a0580224f58a46"
  integrity sha512-Zz+aZWSj8LE6zoxD+xrjh4VfkIG8Ya6LvYkZqtUQGJPZjYl53ypCaUwWqo7eI0x66KBGeRo+mlBEkMSeSZ38Nw==

util-deprecate@^1.0.1:
  version "1.0.2"
  resolved "https://registry.npmjs.org/util-deprecate/-/util-deprecate-1.0.2.tgz#450d4dc9fa70de732762fbd2d4a28981419a0ccf"
  integrity sha512-EPD5q1uXyFxJpCrLnCc1nHnq3gOa6DZBocAIiI2TaSCA7VCJ1UJDMagCzIkXNsUYfD1daK//LTEQ8xiIbrHtcw==

ws@^8.18.2:
  version "8.18.3"
  resolved "https://registry.npmjs.org/ws/-/ws-8.18.3.tgz#b56b88abffde62791c639170400c93dcb0c95472"
  integrity sha512-PEIGCY5tSlUt50cqyMXfCzX+oOPqN0vuGqWzbcJ2xvnkzkq46oOpz7dQaTDBdfICb4N14+GARUDw2XV2N4tvzg==
